
Microsoft Visual Studio Solution File, Format Version 12.00
# Visual Studio 2017
Project("{FAE04EC0-301F-11D3-BF4B-00C04F79EFBC}") = "projectgrafkomtest", "projectgrafkomtest.csproj", "{CD8D2E01-2865-6B44-E24C-298D3CBF597A}"
EndProject
Global
	GlobalSection(SolutionConfigurationPlatforms) = preSolution
		Debug|Any CPU = Debug|Any CPU
		Release|Any CPU = Release|Any CPU
	EndGlobalSection
	GlobalSection(ProjectConfigurationPlatforms) = postSolution
		{CD8D2E01-2865-6B44-E24C-298D3CBF597A}.Debug|Any CPU.ActiveCfg = Debug|Any CPU
		{CD8D2E01-2865-6B44-E24C-298D3CBF597A}.Debug|Any CPU.Build.0 = Debug|Any CPU
		{CD8D2E01-2865-6B44-E24C-298D3CBF597A}.Release|Any CPU.ActiveCfg = Release|Any CPU
		{CD8D2E01-2865-6B44-E24C-298D3CBF597A}.Release|Any CPU.Build.0 = Release|Any CPU
	EndGlobalSection
	GlobalSection(SolutionProperties) = preSolution
		HideSolutionNode = FALSE
	EndGlobalSection
EndGlobal
